
Microsoft Visual Studio Solution File, Format Version 12.00
# Visual Studio Version 17
VisualStudioVersion = 17.4.32804.182
MinimumVisualStudioVersion = 10.0.40219.1
Project("{FAE04EC0-301F-11D3-BF4B-00C04F79EFBC}") = "MyGrpcService", "MyGrpcService\MyGrpcService.csproj", "{E3B21EF6-623A-4463-B765-3A325FACAB15}"
EndProject
Project("{FAE04EC0-301F-11D3-BF4B-00C04F79EFBC}") = "JsonTranscoding.Protos", "JsonTranscoding.Protos\JsonTranscoding.Protos.csproj", "{1CCB65C7-2A0C-439A-BEC2-BA6ED460FBE7}"
EndProject
Global
	GlobalSection(SolutionConfigurationPlatforms) = preSolution
		Debug|Any CPU = Debug|Any CPU
		Release|Any CPU = Release|Any CPU
	EndGlobalSection
	GlobalSection(ProjectConfigurationPlatforms) = postSolution
		{E3B21EF6-623A-4463-B765-3A325FACAB15}.Debug|Any CPU.ActiveCfg = Debug|Any CPU
		{E3B21EF6-623A-4463-B765-3A325FACAB15}.Debug|Any CPU.Build.0 = Debug|Any CPU
		{E3B21EF6-623A-4463-B765-3A325FACAB15}.Release|Any CPU.ActiveCfg = Release|Any CPU
		{E3B21EF6-623A-4463-B765-3A325FACAB15}.Release|Any CPU.Build.0 = Release|Any CPU
		{1CCB65C7-2A0C-439A-BEC2-BA6ED460FBE7}.Debug|Any CPU.ActiveCfg = Debug|Any CPU
		{1CCB65C7-2A0C-439A-BEC2-BA6ED460FBE7}.Debug|Any CPU.Build.0 = Debug|Any CPU
		{1CCB65C7-2A0C-439A-BEC2-BA6ED460FBE7}.Release|Any CPU.ActiveCfg = Release|Any CPU
		{1CCB65C7-2A0C-439A-BEC2-BA6ED460FBE7}.Release|Any CPU.Build.0 = Release|Any CPU
	EndGlobalSection
	GlobalSection(SolutionProperties) = preSolution
		HideSolutionNode = FALSE
	EndGlobalSection
	GlobalSection(ExtensibilityGlobals) = postSolution
		SolutionGuid = {43E63F35-7D39-48D2-8CC2-102DF21916CF}
	EndGlobalSection
EndGlobal
